
Microsoft Visual Studio Solution File, Format Version 12.00
# Visual Studio 15
VisualStudioVersion = 15.0.26730.3
MinimumVisualStudioVersion = 10.0.40219.1
Project("{2150E333-8FDC-42A3-9474-1A3956D46DE8}") = "Solution Items", "Solution Items", "{35712429-E401-4C44-8D52-98343676EF96}"
	ProjectSection(SolutionItems) = preProject
		LICENSE.txt = LICENSE.txt
		README.md = README.md
	EndProjectSection
EndProject
Project("{FAE04EC0-301F-11D3-BF4B-00C04F79EFBC}") = "TheGarageLab.Depends.Test", "TheGarageLab.Depends.Test\TheGarageLab.Depends.Test.csproj", "{FD277447-6689-4FB8-9F15-7C29C49407A9}"
EndProject
Project("{9A19103F-16F7-4668-BE54-9A1E7A4F7556}") = "TheGarageLab.Depends", "TheGarageLab.Depends\TheGarageLab.Depends.csproj", "{4EE9ADBA-06F5-4BF3-84A6-80F9385089F3}"
EndProject
Global
	GlobalSection(SolutionConfigurationPlatforms) = preSolution
		Debug|Any CPU = Debug|Any CPU
		Release|Any CPU = Release|Any CPU
	EndGlobalSection
	GlobalSection(ProjectConfigurationPlatforms) = postSolution
		{FD277447-6689-4FB8-9F15-7C29C49407A9}.Debug|Any CPU.ActiveCfg = Debug|Any CPU
		{FD277447-6689-4FB8-9F15-7C29C49407A9}.Debug|Any CPU.Build.0 = Debug|Any CPU
		{FD277447-6689-4FB8-9F15-7C29C49407A9}.Release|Any CPU.ActiveCfg = Release|Any CPU
		{FD277447-6689-4FB8-9F15-7C29C49407A9}.Release|Any CPU.Build.0 = Release|Any CPU
		{4EE9ADBA-06F5-4BF3-84A6-80F9385089F3}.Debug|Any CPU.ActiveCfg = Debug|Any CPU
		{4EE9ADBA-06F5-4BF3-84A6-80F9385089F3}.Debug|Any CPU.Build.0 = Debug|Any CPU
		{4EE9ADBA-06F5-4BF3-84A6-80F9385089F3}.Release|Any CPU.ActiveCfg = Release|Any CPU
		{4EE9ADBA-06F5-4BF3-84A6-80F9385089F3}.Release|Any CPU.Build.0 = Release|Any CPU
	EndGlobalSection
	GlobalSection(SolutionProperties) = preSolution
		HideSolutionNode = FALSE
	EndGlobalSection
	GlobalSection(ExtensibilityGlobals) = postSolution
		SolutionGuid = {DCC83676-E44C-4DD5-96BE-8D6C3AE5B70E}
	EndGlobalSection
EndGlobal
